
Microsoft Visual Studio Solution File, Format Version 12.00
# Visual Studio Version 17
VisualStudioVersion = 17.14.36705.20
MinimumVisualStudioVersion = 10.0.40219.1
Project("{FAE04EC0-301F-11D3-BF4B-00C04F79EFBC}") = "BOOSEapp1", "BOOSEapp1\BOOSEapp1.csproj", "{21CC0A7D-5333-4122-BCB6-5A8D37A962E3}"
EndProject
Project("{FAE04EC0-301F-11D3-BF4B-00C04F79EFBC}") = "BOOSEapp1.tests", "BOOSEapp1.tests\BOOSEapp1.tests.csproj", "{9721FF71-3EED-4811-97D0-CE8B3BEFA5D9}"
EndProject
Global
	GlobalSection(SolutionConfigurationPlatforms) = preSolution
		Debug|Any CPU = Debug|Any CPU
		Release|Any CPU = Release|Any CPU
	EndGlobalSection
	GlobalSection(ProjectConfigurationPlatforms) = postSolution
		{21CC0A7D-5333-4122-BCB6-5A8D37A962E3}.Debug|Any CPU.ActiveCfg = Debug|Any CPU
		{21CC0A7D-5333-4122-BCB6-5A8D37A962E3}.Debug|Any CPU.Build.0 = Debug|Any CPU
		{21CC0A7D-5333-4122-BCB6-5A8D37A962E3}.Release|Any CPU.ActiveCfg = Release|Any CPU
		{21CC0A7D-5333-4122-BCB6-5A8D37A962E3}.Release|Any CPU.Build.0 = Release|Any CPU
		{9721FF71-3EED-4811-97D0-CE8B3BEFA5D9}.Debug|Any CPU.ActiveCfg = Debug|Any CPU
		{9721FF71-3EED-4811-97D0-CE8B3BEFA5D9}.Debug|Any CPU.Build.0 = Debug|Any CPU
		{9721FF71-3EED-4811-97D0-CE8B3BEFA5D9}.Release|Any CPU.ActiveCfg = Release|Any CPU
		{9721FF71-3EED-4811-97D0-CE8B3BEFA5D9}.Release|Any CPU.Build.0 = Release|Any CPU
	EndGlobalSection
	GlobalSection(SolutionProperties) = preSolution
		HideSolutionNode = FALSE
	EndGlobalSection
	GlobalSection(ExtensibilityGlobals) = postSolution
		SolutionGuid = {0E344AF9-6F64-486F-90B1-1CB06D780A96}
	EndGlobalSection
EndGlobal
